{
  "name": "albrook",
  "version": "0.0.1",
  "lockfileVersion": 1,
  "requires": true,
  "dependencies": {
    "@glidejs/glide": {
      "version": "3.2.4",
      "resolved": "https://registry.npmjs.org/@glidejs/glide/-/glide-3.2.4.tgz",
      "integrity": "sha512-ylTX+3NB2XW/y5CCda9xRkO+q+016u6YL8X/zlNGkfDRAx/lm/UtFoXL1EBm+zUDYIAldeoLbloM2vJpH4YwZA=="
    }
  }
}
